
Microsoft Visual Studio Solution File, Format Version 12.00
# Visual Studio Version 16
VisualStudioVersion = 16.0.30717.126
MinimumVisualStudioVersion = 10.0.40219.1
Project("{888888A0-9F3D-457C-B088-3A5042F75D52}") = "self_Education", "self_Education.pyproj", "{1FBD1444-5AA8-49A2-AECA-6F40AD20123E}"
EndProject
Global
	GlobalSection(SolutionConfigurationPlatforms) = preSolution
		Debug|Any CPU = Debug|Any CPU
		Release|Any CPU = Release|Any CPU
	EndGlobalSection
	GlobalSection(ProjectConfigurationPlatforms) = postSolution
		{1FBD1444-5AA8-49A2-AECA-6F40AD20123E}.Debug|Any CPU.ActiveCfg = Debug|Any CPU
		{1FBD1444-5AA8-49A2-AECA-6F40AD20123E}.Release|Any CPU.ActiveCfg = Release|Any CPU
	EndGlobalSection
	GlobalSection(SolutionProperties) = preSolution
		HideSolutionNode = FALSE
	EndGlobalSection
	GlobalSection(ExtensibilityGlobals) = postSolution
		SolutionGuid = {3EEFD57C-50C7-4412-881D-59423AFB760B}
	EndGlobalSection
EndGlobal
